{
	"name": "@halko/plugin-text",
	"version": "0.1.0",
	"lockfileVersion": 1,
	"requires": true,
	"dependencies": {
		"@types/draft-js": {
			"version": "0.10.25",
			"resolved": "https://registry.npmjs.org/@types/draft-js/-/draft-js-0.10.25.tgz",
			"integrity": "sha512-6fgNdCBuUt9SOj03ukB1ZJfsCcD/6L6xK6244aZn7xALQKynZ1GjYlc09U6SDd1OjE/vIXl1Dk5YriZ0aluiYg==",
			"dev": true,
			"requires": {
				"@types/react": "*",
				"immutable": "^3.8.1"
			},
			"dependencies": {
				"immutable": {
					"version": "3.8.2",
					"resolved": "https://registry.npmjs.org/immutable/-/immutable-3.8.2.tgz",
					"integrity": "sha1-wkOZUUVbs5kT2vKBN28VMOEErfM=",
					"dev": true
				}
			}
		},
		"@types/prop-types": {
			"version": "15.5.5",
			"resolved": "https://registry.npmjs.org/@types/prop-types/-/prop-types-15.5.5.tgz",
			"integrity": "sha512-mOrlCEdwX3seT3n0AXNt4KNPAZZxcsABUHwBgFXOt+nvFUXkxCAO6UBJHPrDxWEa2KDMil86355fjo8jbZ+K0Q==",
			"dev": true,
			"requires": {
				"@types/react": "*"
			}
		},
		"@types/react": {
			"version": "16.4.14",
			"resolved": "https://registry.npmjs.org/@types/react/-/react-16.4.14.tgz",
			"integrity": "sha512-Gh8irag2dbZ2K6vPn+S8+LNrULuG3zlCgJjVUrvuiUK7waw9d9CFk2A/tZFyGhcMDUyO7tznbx1ZasqlAGjHxA==",
			"dev": true,
			"requires": {
				"@types/prop-types": "*",
				"csstype": "^2.2.0"
			}
		},
		"asap": {
			"version": "2.0.6",
			"resolved": "https://registry.npmjs.org/asap/-/asap-2.0.6.tgz",
			"integrity": "sha1-5QNHYR1+aQlDIIu9r+vLwvuGbUY="
		},
		"base64-js": {
			"version": "1.3.0",
			"resolved": "https://registry.npmjs.org/base64-js/-/base64-js-1.3.0.tgz",
			"integrity": "sha512-ccav/yGvoa80BQDljCxsmmQ3Xvx60/UpBIij5QN21W3wBi/hhIC9OoO+KLpu9IJTS9j4DRVJ3aDDF9cMSoa2lw==",
			"dev": true
		},
		"buffer": {
			"version": "5.2.1",
			"resolved": "https://registry.npmjs.org/buffer/-/buffer-5.2.1.tgz",
			"integrity": "sha512-c+Ko0loDaFfuPWiL02ls9Xd3GO3cPVmUobQ6t3rXNUk304u6hGq+8N/kFi+QEIKhzK3uwolVhLzszmfLmMLnqg==",
			"dev": true,
			"requires": {
				"base64-js": "^1.0.2",
				"ieee754": "^1.1.4"
			}
		},
		"core-js": {
			"version": "1.2.7",
			"resolved": "https://registry.npmjs.org/core-js/-/core-js-1.2.7.tgz",
			"integrity": "sha1-ZSKUwUZR2yj6k70tX/KYOk8IxjY="
		},
		"css-color-keywords": {
			"version": "1.0.0",
			"resolved": "https://registry.npmjs.org/css-color-keywords/-/css-color-keywords-1.0.0.tgz",
			"integrity": "sha1-/qJhbcZ2spYmhrOvjb2+GAskTgU=",
			"dev": true
		},
		"css-to-react-native": {
			"version": "2.2.1",
			"resolved": "https://registry.npmjs.org/css-to-react-native/-/css-to-react-native-2.2.1.tgz",
			"integrity": "sha512-v++LRcf633phJiYZBDqtmGPj3+BVof0isd2jgwYLWZJ5YSuhCkrfYtDsNhM6oJthiEco0f9tDVJ1vUkDJNgGEA==",
			"dev": true,
			"requires": {
				"css-color-keywords": "^1.0.0",
				"fbjs": "^0.8.5",
				"postcss-value-parser": "^3.3.0"
			}
		},
		"csstype": {
			"version": "2.5.6",
			"resolved": "https://registry.npmjs.org/csstype/-/csstype-2.5.6.tgz",
			"integrity": "sha512-tKPyhy0FmfYD2KQYXD5GzkvAYLYj96cMLXr648CKGd3wBe0QqoPipImjGiLze9c8leJK8J3n7ap90tpk3E6HGQ==",
			"dev": true
		},
		"decorate-component-with-props": {
			"version": "1.1.0",
			"resolved": "https://registry.npmjs.org/decorate-component-with-props/-/decorate-component-with-props-1.1.0.tgz",
			"integrity": "sha512-tTYQojixN64yK3/WBODMfvss/zbmyUx9HQXhzSxZiSiofeekVeRyyuToy9BCiTMrVEIKWxTcla2t3y5qdaUF7Q=="
		},
		"dom-serializer": {
			"version": "1.3.2",
			"resolved": "https://registry.npmjs.org/dom-serializer/-/dom-serializer-1.3.2.tgz",
			"integrity": "sha512-5c54Bk5Dw4qAxNOI1pFEizPSjVsx5+bpJKmL2kPn8JhBUq2q09tTCa3mjijun2NfK78NMouDYNMBkOrPZiS+ig==",
			"requires": {
				"domelementtype": "^2.0.1",
				"domhandler": "^4.2.0",
				"entities": "^2.0.0"
			},
			"dependencies": {
				"domhandler": {
					"version": "4.3.0",
					"resolved": "https://registry.npmjs.org/domhandler/-/domhandler-4.3.0.tgz",
					"integrity": "sha512-fC0aXNQXqKSFTr2wDNZDhsEYjCiYsDWl3D01kwt25hm1YIPyDGHvvi3rw+PLqHAl/m71MaiF7d5zvBr0p5UB2g==",
					"requires": {
						"domelementtype": "^2.2.0"
					}
				}
			}
		},
		"domelementtype": {
			"version": "2.2.0",
			"resolved": "https://registry.npmjs.org/domelementtype/-/domelementtype-2.2.0.tgz",
			"integrity": "sha512-DtBMo82pv1dFtUmHyr48beiuq792Sxohr+8Hm9zoxklYPfa6n0Z3Byjj2IV7bmr2IyqClnqEQhfgHJJ5QF0R5A=="
		},
		"domhandler": {
			"version": "3.3.0",
			"resolved": "https://registry.npmjs.org/domhandler/-/domhandler-3.3.0.tgz",
			"integrity": "sha512-J1C5rIANUbuYK+FuFL98650rihynUOEzRLxW+90bKZRWB6A1X1Tf82GxR1qAWLyfNPRvjqfip3Q5tdYlmAa9lA==",
			"requires": {
				"domelementtype": "^2.0.1"
			}
		},
		"domutils": {
			"version": "2.8.0",
			"resolved": "https://registry.npmjs.org/domutils/-/domutils-2.8.0.tgz",
			"integrity": "sha512-w96Cjofp72M5IIhpjgobBimYEfoPjx1Vx0BSX9P30WBdZW2WIKU0T1Bd0kz2eNZ9ikjKgHbEyKx8BB6H1L3h3A==",
			"requires": {
				"dom-serializer": "^1.0.1",
				"domelementtype": "^2.2.0",
				"domhandler": "^4.2.0"
			},
			"dependencies": {
				"domhandler": {
					"version": "4.3.0",
					"resolved": "https://registry.npmjs.org/domhandler/-/domhandler-4.3.0.tgz",
					"integrity": "sha512-fC0aXNQXqKSFTr2wDNZDhsEYjCiYsDWl3D01kwt25hm1YIPyDGHvvi3rw+PLqHAl/m71MaiF7d5zvBr0p5UB2g==",
					"requires": {
						"domelementtype": "^2.2.0"
					}
				}
			}
		},
		"draft-js": {
			"version": "0.10.5",
			"resolved": "https://registry.npmjs.org/draft-js/-/draft-js-0.10.5.tgz",
			"integrity": "sha512-LE6jSCV9nkPhfVX2ggcRLA4FKs6zWq9ceuO/88BpXdNCS7mjRTgs0NsV6piUCJX9YxMsB9An33wnkMmU2sD2Zg==",
			"requires": {
				"fbjs": "^0.8.15",
				"immutable": "~3.7.4",
				"object-assign": "^4.1.0"
			}
		},
		"draft-js-buttons": {
			"version": "2.0.1",
			"resolved": "https://registry.npmjs.org/draft-js-buttons/-/draft-js-buttons-2.0.1.tgz",
			"integrity": "sha512-d5FKPGpRe0vmFrCuglZkLloErGVsPTefeBcHiqvw03aLdPlnM4wO0Y5R43TPI+oEoZxplEQuycBvGmUmO8dhbQ==",
			"requires": {
				"union-class-names": "^1.0.0"
			}
		},
		"draft-js-export-html": {
			"version": "1.2.0",
			"resolved": "https://registry.npmjs.org/draft-js-export-html/-/draft-js-export-html-1.2.0.tgz",
			"integrity": "sha1-HL4reOH+10/CnHzcv9dUBGjsogk=",
			"requires": {
				"draft-js-utils": "^1.2.0"
			}
		},
		"draft-js-import-element": {
			"version": "1.2.1",
			"resolved": "https://registry.npmjs.org/draft-js-import-element/-/draft-js-import-element-1.2.1.tgz",
			"integrity": "sha512-T/eCDkaU8wrTCH6c+/2BE7Vx/11GABRNU/UBiHM4D903LNFar8UfjElehpiKVf+F4rxi8dfhvTgaWrpWDfX4MA==",
			"requires": {
				"draft-js-utils": "^1.2.0",
				"synthetic-dom": "^1.2.0"
			}
		},
		"draft-js-import-html": {
			"version": "1.2.1",
			"resolved": "https://registry.npmjs.org/draft-js-import-html/-/draft-js-import-html-1.2.1.tgz",
			"integrity": "sha512-FP1y9kdmOVDvOxoI4ny+H0g4CVoTQwdW++Zjf+qMsnz07NsYOCLcQ34j7TiwuPfArFAcOjBOc41Mn+qOa1G14w==",
			"requires": {
				"draft-js-import-element": "^1.2.1"
			}
		},
		"draft-js-inline-toolbar-plugin": {
			"version": "2.0.3",
			"resolved": "https://registry.npmjs.org/draft-js-inline-toolbar-plugin/-/draft-js-inline-toolbar-plugin-2.0.3.tgz",
			"integrity": "sha512-7OD7iaImu/NwBdJmv0/nmP4H4oUhjO10iFcUmDPJlmdc43icoNHABTk4/oUpn7xrunrj2GHxFexsgSEfpOTFlQ==",
			"requires": {
				"decorate-component-with-props": "^1.0.2",
				"draft-js-buttons": "^2.0.1",
				"find-with-regex": "^1.1.2",
				"immutable": "~3.7.4",
				"prop-types": "^15.5.8",
				"union-class-names": "^1.0.0"
			}
		},
		"draft-js-plugins-editor": {
			"version": "2.1.1",
			"resolved": "https://registry.npmjs.org/draft-js-plugins-editor/-/draft-js-plugins-editor-2.1.1.tgz",
			"integrity": "sha512-fKGe71irNvFHJ5L/lUrh+3vPkBNq0de6x+cgiZUJ9zQERc5KPBtGXIFiarLFVHyrRTCPq+K6xmgfFSAERaFHPw==",
			"requires": {
				"decorate-component-with-props": "^1.0.2",
				"find-with-regex": "^1.1.3",
				"immutable": "~3.7.4",
				"prop-types": "^15.5.8",
				"union-class-names": "^1.0.0"
			}
		},
		"draft-js-utils": {
			"version": "1.2.0",
			"resolved": "https://registry.npmjs.org/draft-js-utils/-/draft-js-utils-1.2.0.tgz",
			"integrity": "sha1-9csj6xZzJf/tPXmIL9wxdyHS/RI="
		},
		"encoding": {
			"version": "0.1.12",
			"resolved": "https://registry.npmjs.org/encoding/-/encoding-0.1.12.tgz",
			"integrity": "sha1-U4tm8+5izRq1HsMjgp0flIDHS+s=",
			"requires": {
				"iconv-lite": "~0.4.13"
			}
		},
		"entities": {
			"version": "2.2.0",
			"resolved": "https://registry.npmjs.org/entities/-/entities-2.2.0.tgz",
			"integrity": "sha512-p92if5Nz619I0w+akJrLZH0MX0Pb5DX39XOwQTtXSdQQOaYH03S1uIQp4mhOZtAXrxq4ViO67YTiLBo2638o9A=="
		},
		"fbjs": {
			"version": "0.8.17",
			"resolved": "https://registry.npmjs.org/fbjs/-/fbjs-0.8.17.tgz",
			"integrity": "sha1-xNWY6taUkRJlPWWIsBpc3Nn5D90=",
			"requires": {
				"core-js": "^1.0.0",
				"isomorphic-fetch": "^2.1.1",
				"loose-envify": "^1.0.0",
				"object-assign": "^4.1.0",
				"promise": "^7.1.1",
				"setimmediate": "^1.0.5",
				"ua-parser-js": "^0.7.18"
			}
		},
		"find-with-regex": {
			"version": "1.1.3",
			"resolved": "https://registry.npmjs.org/find-with-regex/-/find-with-regex-1.1.3.tgz",
			"integrity": "sha512-zkEVQ1H3PIQL/19ADKt1lCQU4QGM3OneiderUcFgn5EgTm/TnoUh7HxPAwP8w/vXxWSLC6KtpbDQpypJ5+majw=="
		},
		"has-flag": {
			"version": "1.0.0",
			"resolved": "https://registry.npmjs.org/has-flag/-/has-flag-1.0.0.tgz",
			"integrity": "sha1-nZ55MWXOAXoA8AQYxD+UKnsdEfo=",
			"dev": true
		},
		"hoist-non-react-statics": {
			"version": "2.5.5",
			"resolved": "https://registry.npmjs.org/hoist-non-react-statics/-/hoist-non-react-statics-2.5.5.tgz",
			"integrity": "sha512-rqcy4pJo55FTTLWt+bU8ukscqHeE/e9KWvsOW2b/a3afxQZhwkQdT1rPPCJ0rYXdj4vNcasY8zHTH+jF/qStxw==",
			"dev": true
		},
		"html-to-react": {
			"version": "1.4.3",
			"resolved": "https://registry.npmjs.org/html-to-react/-/html-to-react-1.4.3.tgz",
			"integrity": "sha512-txe09A3vxW8yEZGJXJ1is5gGDfBEVACmZDSgwDyH5EsfRdOubBwBCg63ZThZP0xBn0UE4FyvMXZXmohusCxDcg==",
			"requires": {
				"domhandler": "^3.0",
				"htmlparser2": "^4.1.0",
				"lodash.camelcase": "^4.3.0",
				"ramda": "^0.27"
			}
		},
		"htmlparser2": {
			"version": "4.1.0",
			"resolved": "https://registry.npmjs.org/htmlparser2/-/htmlparser2-4.1.0.tgz",
			"integrity": "sha512-4zDq1a1zhE4gQso/c5LP1OtrhYTncXNSpvJYtWJBtXAETPlMfi3IFNjGuQbYLuVY4ZR0QMqRVvo4Pdy9KLyP8Q==",
			"requires": {
				"domelementtype": "^2.0.1",
				"domhandler": "^3.0.0",
				"domutils": "^2.0.0",
				"entities": "^2.0.0"
			}
		},
		"iconv-lite": {
			"version": "0.4.24",
			"resolved": "https://registry.npmjs.org/iconv-lite/-/iconv-lite-0.4.24.tgz",
			"integrity": "sha512-v3MXnZAcvnywkTUEZomIActle7RXXeedOR31wwl7VlyoXO4Qi9arvSenNQWne1TcRwhCL1HwLI21bEqdpj8/rA==",
			"requires": {
				"safer-buffer": ">= 2.1.2 < 3"
			}
		},
		"ieee754": {
			"version": "1.1.12",
			"resolved": "https://registry.npmjs.org/ieee754/-/ieee754-1.1.12.tgz",
			"integrity": "sha512-GguP+DRY+pJ3soyIiGPTvdiVXjZ+DbXOxGpXn3eMvNW4x4irjqXm4wHKscC+TfxSJ0yw/S1F24tqdMNsMZTiLA==",
			"dev": true
		},
		"immutable": {
			"version": "3.7.6",
			"resolved": "https://registry.npmjs.org/immutable/-/immutable-3.7.6.tgz",
			"integrity": "sha1-E7TTyxK++hVIKib+Gy665kAHHks="
		},
		"is-stream": {
			"version": "1.1.0",
			"resolved": "https://registry.npmjs.org/is-stream/-/is-stream-1.1.0.tgz",
			"integrity": "sha1-EtSj3U5o4Lec6428hBc66A2RykQ="
		},
		"isomorphic-fetch": {
			"version": "2.2.1",
			"resolved": "https://registry.npmjs.org/isomorphic-fetch/-/isomorphic-fetch-2.2.1.tgz",
			"integrity": "sha1-YRrhrPFPXoH3KVB0coGf6XM1WKk=",
			"requires": {
				"node-fetch": "^1.0.1",
				"whatwg-fetch": ">=0.10.0"
			}
		},
		"js-tokens": {
			"version": "4.0.0",
			"resolved": "https://registry.npmjs.org/js-tokens/-/js-tokens-4.0.0.tgz",
			"integrity": "sha512-RdJUflcE3cUzKiMqQgsCu06FPu9UdIJO0beYbPhHN4k6apgJtifcoCtT9bcxOpYBtpD2kCM6Sbzg4CausW/PKQ=="
		},
		"lodash.camelcase": {
			"version": "4.3.0",
			"resolved": "https://registry.npmjs.org/lodash.camelcase/-/lodash.camelcase-4.3.0.tgz",
			"integrity": "sha1-soqmKIorn8ZRA1x3EfZathkDMaY="
		},
		"loose-envify": {
			"version": "1.4.0",
			"resolved": "https://registry.npmjs.org/loose-envify/-/loose-envify-1.4.0.tgz",
			"integrity": "sha512-lyuxPGr/Wfhrlem2CL/UcnUc1zcqKAImBDzukY7Y5F/yQiNdko6+fRLevlw1HgMySw7f611UIY408EtxRSoK3Q==",
			"requires": {
				"js-tokens": "^3.0.0 || ^4.0.0"
			}
		},
		"node-fetch": {
			"version": "1.7.3",
			"resolved": "https://registry.npmjs.org/node-fetch/-/node-fetch-1.7.3.tgz",
			"integrity": "sha512-NhZ4CsKx7cYm2vSrBAr2PvFOe6sWDf0UYLRqA6svUYg7+/TSfVAu49jYC4BvQ4Sms9SZgdqGBgroqfDhJdTyKQ==",
			"requires": {
				"encoding": "^0.1.11",
				"is-stream": "^1.0.1"
			}
		},
		"object-assign": {
			"version": "4.1.1",
			"resolved": "https://registry.npmjs.org/object-assign/-/object-assign-4.1.1.tgz",
			"integrity": "sha1-IQmtx5ZYh8/AXLvUQsrIv7s2CGM="
		},
		"postcss-value-parser": {
			"version": "3.3.0",
			"resolved": "https://registry.npmjs.org/postcss-value-parser/-/postcss-value-parser-3.3.0.tgz",
			"integrity": "sha1-h/OPnxj3dKSrTIojL1xc6IcqnRU=",
			"dev": true
		},
		"promise": {
			"version": "7.3.1",
			"resolved": "https://registry.npmjs.org/promise/-/promise-7.3.1.tgz",
			"integrity": "sha512-nolQXZ/4L+bP/UGlkfaIujX9BKxGwmQ9OT4mOt5yvy8iK1h3wqTEJCijzGANTCCl9nWjY41juyAn2K3Q1hLLTg==",
			"requires": {
				"asap": "~2.0.3"
			}
		},
		"prop-types": {
			"version": "15.6.2",
			"resolved": "https://registry.npmjs.org/prop-types/-/prop-types-15.6.2.tgz",
			"integrity": "sha512-3pboPvLiWD7dkI3qf3KbUe6hKFKa52w+AE0VCqECtf+QHAKgOL37tTaNCnuX1nAAQ4ZhyP+kYVKf8rLmJ/feDQ==",
			"requires": {
				"loose-envify": "^1.3.1",
				"object-assign": "^4.1.1"
			}
		},
		"ramda": {
			"version": "0.27.2",
			"resolved": "https://registry.npmjs.org/ramda/-/ramda-0.27.2.tgz",
			"integrity": "sha512-SbiLPU40JuJniHexQSAgad32hfwd+DRUdwF2PlVuI5RZD0/vahUco7R8vD86J/tcEKKF9vZrUVwgtmGCqlCKyA=="
		},
		"react-is": {
			"version": "16.5.0",
			"resolved": "https://registry.npmjs.org/react-is/-/react-is-16.5.0.tgz",
			"integrity": "sha512-kpkCGLsChXTEQJVmowQqHpCjHKJFwB4SIChYaaaiAkq8OtE2aBg5pQe8/xnFlGmz9KmMx1H4oQRUyxP7qC9v5A==",
			"dev": true
		},
		"safer-buffer": {
			"version": "2.1.2",
			"resolved": "https://registry.npmjs.org/safer-buffer/-/safer-buffer-2.1.2.tgz",
			"integrity": "sha512-YZo3K82SD7Riyi0E1EQPojLz7kpepnSQI9IyPbHHg1XXXevb5dJI7tpyN2ADxGcQbHG7vcyRHk0cbwqcQriUtg=="
		},
		"setimmediate": {
			"version": "1.0.5",
			"resolved": "https://registry.npmjs.org/setimmediate/-/setimmediate-1.0.5.tgz",
			"integrity": "sha1-KQy7Iy4waULX1+qbg3Mqt4VvgoU="
		},
		"styled-components": {
			"version": "3.4.6",
			"resolved": "https://registry.npmjs.org/styled-components/-/styled-components-3.4.6.tgz",
			"integrity": "sha512-HiEVVY93oH/PuekPuIE7ownn2wmO708rS8MM1yS20i0TCyFgPs3mbop8fJqKLRtC2/npVn2fO5Je6azaL6T2tg==",
			"dev": true,
			"requires": {
				"buffer": "^5.0.3",
				"css-to-react-native": "^2.0.3",
				"fbjs": "^0.8.16",
				"hoist-non-react-statics": "^2.5.0",
				"prop-types": "^15.5.4",
				"react-is": "^16.3.1",
				"stylis": "^3.5.0",
				"stylis-rule-sheet": "^0.0.10",
				"supports-color": "^3.2.3"
			}
		},
		"stylis": {
			"version": "3.5.3",
			"resolved": "https://registry.npmjs.org/stylis/-/stylis-3.5.3.tgz",
			"integrity": "sha512-TxU0aAscJghF9I3V9q601xcK3Uw1JbXvpsBGj/HULqexKOKlOEzzlIpLFRbKkCK990ccuxfXUqmPbIIo7Fq/cQ==",
			"dev": true
		},
		"stylis-rule-sheet": {
			"version": "0.0.10",
			"resolved": "https://registry.npmjs.org/stylis-rule-sheet/-/stylis-rule-sheet-0.0.10.tgz",
			"integrity": "sha512-nTbZoaqoBnmK+ptANthb10ZRZOGC+EmTLLUxeYIuHNkEKcmKgXX1XWKkUBT2Ac4es3NybooPe0SmvKdhKJZAuw==",
			"dev": true
		},
		"supports-color": {
			"version": "3.2.3",
			"resolved": "https://registry.npmjs.org/supports-color/-/supports-color-3.2.3.tgz",
			"integrity": "sha1-ZawFBLOVQXHYpklGsq48u4pfVPY=",
			"dev": true,
			"requires": {
				"has-flag": "^1.0.0"
			}
		},
		"synthetic-dom": {
			"version": "1.2.0",
			"resolved": "https://registry.npmjs.org/synthetic-dom/-/synthetic-dom-1.2.0.tgz",
			"integrity": "sha1-81iar+K14pnzN7sylzqb5C3VYl4="
		},
		"ua-parser-js": {
			"version": "0.7.18",
			"resolved": "https://registry.npmjs.org/ua-parser-js/-/ua-parser-js-0.7.18.tgz",
			"integrity": "sha512-LtzwHlVHwFGTptfNSgezHp7WUlwiqb0gA9AALRbKaERfxwJoiX0A73QbTToxteIAuIaFshhgIZfqK8s7clqgnA=="
		},
		"union-class-names": {
			"version": "1.0.0",
			"resolved": "https://registry.npmjs.org/union-class-names/-/union-class-names-1.0.0.tgz",
			"integrity": "sha1-kllgitrMOQlKKwz+FseOYgBheEc="
		},
		"whatwg-fetch": {
			"version": "3.0.0",
			"resolved": "https://registry.npmjs.org/whatwg-fetch/-/whatwg-fetch-3.0.0.tgz",
			"integrity": "sha512-9GSJUgz1D4MfyKU7KRqwOjXCXTqWdFNvEr7eUBYchQiVc744mqK/MzXPNR2WsPkmkOa4ywfg8C2n8h+13Bey1Q=="
		}
	}
}
